// !$*UTF8*$!
{
	archiveVersion = 1;
	classes = {
	};
	objectVersion = 56;
	objects = {

/* Begin PBXBuildFile section */
		767CCB82A24B79E01905ADB7 /* Pods_Spotify.framework in Frameworks */ = {isa = PBXBuildFile; fileRef = D5FEA4E0038859C128A25ABE /* Pods_Spotify.framework */; };
		E81442552ACAA98F00386AE8 /* DateFormatter+.swift in Sources */ = {isa = PBXBuildFile; fileRef = E81442542ACAA98F00386AE8 /* DateFormatter+.swift */; };
		E81442572ACAAA1300386AE8 /* String+.swift in Sources */ = {isa = PBXBuildFile; fileRef = E81442562ACAAA1300386AE8 /* String+.swift */; };
		E8169FBF2AC6AF94009B4AD2 /* TitleHeaderCollectionReusableView.swift in Sources */ = {isa = PBXBuildFile; fileRef = E8169FBE2AC6AF94009B4AD2 /* TitleHeaderCollectionReusableView.swift */; };
		E8169FC12AC6C6F4009B4AD2 /* AlbumTrackCollectionViewCell.swift in Sources */ = {isa = PBXBuildFile; fileRef = E8169FC02AC6C6F4009B4AD2 /* AlbumTrackCollectionViewCell.swift */; };
		E8169FC32AC6C8A7009B4AD2 /* AlbumViewModel.swift in Sources */ = {isa = PBXBuildFile; fileRef = E8169FC22AC6C8A7009B4AD2 /* AlbumViewModel.swift */; };
		E81F0B8D2AB30C68008D44F7 /* NewReleases.swift in Sources */ = {isa = PBXBuildFile; fileRef = E81F0B8C2AB30C68008D44F7 /* NewReleases.swift */; };
		E81F0B8F2AB31C00008D44F7 /* FeaturedPlayLists.swift in Sources */ = {isa = PBXBuildFile; fileRef = E81F0B8E2AB31C00008D44F7 /* FeaturedPlayLists.swift */; };
		E81F0B912AB3205F008D44F7 /* Genre.swift in Sources */ = {isa = PBXBuildFile; fileRef = E81F0B902AB3205F008D44F7 /* Genre.swift */; };
		E81F0B932AB32074008D44F7 /* Recommendations.swift in Sources */ = {isa = PBXBuildFile; fileRef = E81F0B922AB32074008D44F7 /* Recommendations.swift */; };
		E82B11972AA1DBAD00FC1C6D /* UIView+.swift in Sources */ = {isa = PBXBuildFile; fileRef = E82B11962AA1DBAD00FC1C6D /* UIView+.swift */; };
		E83F9C012AA072CF00231762 /* AppDelegate.swift in Sources */ = {isa = PBXBuildFile; fileRef = E83F9C002AA072CF00231762 /* AppDelegate.swift */; };
		E83F9C032AA072CF00231762 /* SceneDelegate.swift in Sources */ = {isa = PBXBuildFile; fileRef = E83F9C022AA072CF00231762 /* SceneDelegate.swift */; };
		E83F9C052AA072CF00231762 /* HomeViewController.swift in Sources */ = {isa = PBXBuildFile; fileRef = E83F9C042AA072CF00231762 /* HomeViewController.swift */; };
		E83F9C0A2AA072CF00231762 /* Assets.xcassets in Resources */ = {isa = PBXBuildFile; fileRef = E83F9C092AA072CF00231762 /* Assets.xcassets */; };
		E83F9C0D2AA072CF00231762 /* LaunchScreen.storyboard in Resources */ = {isa = PBXBuildFile; fileRef = E83F9C0B2AA072CF00231762 /* LaunchScreen.storyboard */; };
		E8575B082AA708160063A4D5 /* Authorization.swift in Sources */ = {isa = PBXBuildFile; fileRef = E8575B072AA708160063A4D5 /* Authorization.swift */; };
		E863946E2AADBB1B00BB4EB0 /* SettingsModels.swift in Sources */ = {isa = PBXBuildFile; fileRef = E863946D2AADBB1B00BB4EB0 /* SettingsModels.swift */; };
		E86394712AADC73900BB4EB0 /* SpotifyViewModel.swift in Sources */ = {isa = PBXBuildFile; fileRef = E86394702AADC73900BB4EB0 /* SpotifyViewModel.swift */; };
		E86D56442AC029FF00BD3E1F /* AlbumViewController.swift in Sources */ = {isa = PBXBuildFile; fileRef = E86D56432AC029FF00BD3E1F /* AlbumViewController.swift */; };
		E86D56462AC03A1F00BD3E1F /* Album.swift in Sources */ = {isa = PBXBuildFile; fileRef = E86D56452AC03A1F00BD3E1F /* Album.swift */; };
		E86D56482AC047C200BD3E1F /* Playlist.swift in Sources */ = {isa = PBXBuildFile; fileRef = E86D56472AC047C200BD3E1F /* Playlist.swift */; };
		E898AC2E2AC43FA8009579F3 /* PlaylistHeaderCollectionReusableView.swift in Sources */ = {isa = PBXBuildFile; fileRef = E898AC2D2AC43FA8009579F3 /* PlaylistHeaderCollectionReusableView.swift */; };
		E89D049F2AA0B3BA00C4829C /* LibraryViewController.swift in Sources */ = {isa = PBXBuildFile; fileRef = E89D049C2AA0B3BA00C4829C /* LibraryViewController.swift */; };
		E89D04A02AA0B3BA00C4829C /* TabBarViewController.swift in Sources */ = {isa = PBXBuildFile; fileRef = E89D049D2AA0B3BA00C4829C /* TabBarViewController.swift */; };
		E89D04A12AA0B3BA00C4829C /* SearchViewController.swift in Sources */ = {isa = PBXBuildFile; fileRef = E89D049E2AA0B3BA00C4829C /* SearchViewController.swift */; };
		E89D04AC2AA0B42700C4829C /* AuthViewController.swift in Sources */ = {isa = PBXBuildFile; fileRef = E89D04A52AA0B42700C4829C /* AuthViewController.swift */; };
		E89D04AD2AA0B42700C4829C /* SearchResultsViewController.swift in Sources */ = {isa = PBXBuildFile; fileRef = E89D04A62AA0B42700C4829C /* SearchResultsViewController.swift */; };
		E89D04AE2AA0B42700C4829C /* PlayerViewController.swift in Sources */ = {isa = PBXBuildFile; fileRef = E89D04A72AA0B42700C4829C /* PlayerViewController.swift */; };
		E89D04AF2AA0B42700C4829C /* WelcomeViewController.swift in Sources */ = {isa = PBXBuildFile; fileRef = E89D04A82AA0B42700C4829C /* WelcomeViewController.swift */; };
		E89D04B02AA0B42700C4829C /* PlaylistViewController.swift in Sources */ = {isa = PBXBuildFile; fileRef = E89D04A92AA0B42700C4829C /* PlaylistViewController.swift */; };
		E89D04B12AA0B42700C4829C /* ProfileViewController.swift in Sources */ = {isa = PBXBuildFile; fileRef = E89D04AA2AA0B42700C4829C /* ProfileViewController.swift */; };
		E89D04B22AA0B42700C4829C /* SettingsViewController.swift in Sources */ = {isa = PBXBuildFile; fileRef = E89D04AB2AA0B42700C4829C /* SettingsViewController.swift */; };
		E89D04B92AA0B4F600C4829C /* User.swift in Sources */ = {isa = PBXBuildFile; fileRef = E89D04B52AA0B4F600C4829C /* User.swift */; };
		E89D04BA2AA0B4F600C4829C /* CommonGround.swift in Sources */ = {isa = PBXBuildFile; fileRef = E89D04B62AA0B4F600C4829C /* CommonGround.swift */; };
		E89D04BC2AA0B4F600C4829C /* TrackObject.swift in Sources */ = {isa = PBXBuildFile; fileRef = E89D04B82AA0B4F600C4829C /* TrackObject.swift */; };
		E89D04C12AA0B55200C4829C /* APICaller.swift in Sources */ = {isa = PBXBuildFile; fileRef = E89D04BE2AA0B55200C4829C /* APICaller.swift */; };
		E89D04C22AA0B55200C4829C /* HapticsManager.swift in Sources */ = {isa = PBXBuildFile; fileRef = E89D04BF2AA0B55200C4829C /* HapticsManager.swift */; };
		E89D04C32AA0B55200C4829C /* AuthManager.swift in Sources */ = {isa = PBXBuildFile; fileRef = E89D04C02AA0B55200C4829C /* AuthManager.swift */; };
		E8A1680F2AB594C20096C8E0 /* NewReleasesCollectionViewCell.swift in Sources */ = {isa = PBXBuildFile; fileRef = E8A1680E2AB594C20096C8E0 /* NewReleasesCollectionViewCell.swift */; };
		E8A168112AB595890096C8E0 /* FeaturedPlaylistCollectionViewCell.swift in Sources */ = {isa = PBXBuildFile; fileRef = E8A168102AB595890096C8E0 /* FeaturedPlaylistCollectionViewCell.swift */; };
		E8A168132AB596280096C8E0 /* RecommendationCollectionViewCell.swift in Sources */ = {isa = PBXBuildFile; fileRef = E8A168122AB596280096C8E0 /* RecommendationCollectionViewCell.swift */; };
		E8A168352AB5CD4F0096C8E0 /* UsersViewModel.swift in Sources */ = {isa = PBXBuildFile; fileRef = E8A168342AB5CD4F0096C8E0 /* UsersViewModel.swift */; };
		E8A168372AB5CF050096C8E0 /* NewReleasesViewModel.swift in Sources */ = {isa = PBXBuildFile; fileRef = E8A168362AB5CF050096C8E0 /* NewReleasesViewModel.swift */; };
		E8A168392AB5D06D0096C8E0 /* PlaylistsViewModel.swift in Sources */ = {isa = PBXBuildFile; fileRef = E8A168382AB5D06D0096C8E0 /* PlaylistsViewModel.swift */; };
		E8A1683B2AB5D1460096C8E0 /* TracksViewModel.swift in Sources */ = {isa = PBXBuildFile; fileRef = E8A1683A2AB5D1460096C8E0 /* TracksViewModel.swift */; };
		E8D767642AA32ACC0038AF90 /* AuthConstants.swift in Sources */ = {isa = PBXBuildFile; fileRef = E8D767632AA32ACC0038AF90 /* AuthConstants.swift */; };
/* End PBXBuildFile section */

/* Begin PBXFileReference section */
		9912FA87323356BB6701D6B9 /* Pods-Spotify.debug.xcconfig */ = {isa = PBXFileReference; includeInIndex = 1; lastKnownFileType = text.xcconfig; name = "Pods-Spotify.debug.xcconfig"; path = "Target Support Files/Pods-Spotify/Pods-Spotify.debug.xcconfig"; sourceTree = "<group>"; };
		D5FEA4E0038859C128A25ABE /* Pods_Spotify.framework */ = {isa = PBXFileReference; explicitFileType = wrapper.framework; includeInIndex = 0; path = Pods_Spotify.framework; sourceTree = BUILT_PRODUCTS_DIR; };
		DA6722484043C53E1E8B4395 /* Pods-Spotify.release.xcconfig */ = {isa = PBXFileReference; includeInIndex = 1; lastKnownFileType = text.xcconfig; name = "Pods-Spotify.release.xcconfig"; path = "Target Support Files/Pods-Spotify/Pods-Spotify.release.xcconfig"; sourceTree = "<group>"; };
		E81442542ACAA98F00386AE8 /* DateFormatter+.swift */ = {isa = PBXFileReference; lastKnownFileType = sourcecode.swift; path = "DateFormatter+.swift"; sourceTree = "<group>"; };
		E81442562ACAAA1300386AE8 /* String+.swift */ = {isa = PBXFileReference; lastKnownFileType = sourcecode.swift; path = "String+.swift"; sourceTree = "<group>"; };
		E8169FBE2AC6AF94009B4AD2 /* TitleHeaderCollectionReusableView.swift */ = {isa = PBXFileReference; lastKnownFileType = sourcecode.swift; path = TitleHeaderCollectionReusableView.swift; sourceTree = "<group>"; };
		E8169FC02AC6C6F4009B4AD2 /* AlbumTrackCollectionViewCell.swift */ = {isa = PBXFileReference; lastKnownFileType = sourcecode.swift; path = AlbumTrackCollectionViewCell.swift; sourceTree = "<group>"; };
		E8169FC22AC6C8A7009B4AD2 /* AlbumViewModel.swift */ = {isa = PBXFileReference; lastKnownFileType = sourcecode.swift; path = AlbumViewModel.swift; sourceTree = "<group>"; };
		E81F0B8C2AB30C68008D44F7 /* NewReleases.swift */ = {isa = PBXFileReference; lastKnownFileType = sourcecode.swift; path = NewReleases.swift; sourceTree = "<group>"; };
		E81F0B8E2AB31C00008D44F7 /* FeaturedPlayLists.swift */ = {isa = PBXFileReference; lastKnownFileType = sourcecode.swift; path = FeaturedPlayLists.swift; sourceTree = "<group>"; };
		E81F0B902AB3205F008D44F7 /* Genre.swift */ = {isa = PBXFileReference; lastKnownFileType = sourcecode.swift; path = Genre.swift; sourceTree = "<group>"; };
		E81F0B922AB32074008D44F7 /* Recommendations.swift */ = {isa = PBXFileReference; lastKnownFileType = sourcecode.swift; path = Recommendations.swift; sourceTree = "<group>"; };
		E82B11942AA1BE9C00FC1C6D /* Secrets.xcconfig */ = {isa = PBXFileReference; lastKnownFileType = text.xcconfig; path = Secrets.xcconfig; sourceTree = "<group>"; };
		E82B11962AA1DBAD00FC1C6D /* UIView+.swift */ = {isa = PBXFileReference; lastKnownFileType = sourcecode.swift; path = "UIView+.swift"; sourceTree = "<group>"; };
		E83F9BFD2AA072CF00231762 /* Spotify.app */ = {isa = PBXFileReference; explicitFileType = wrapper.application; includeInIndex = 0; path = Spotify.app; sourceTree = BUILT_PRODUCTS_DIR; };
		E83F9C002AA072CF00231762 /* AppDelegate.swift */ = {isa = PBXFileReference; lastKnownFileType = sourcecode.swift; path = AppDelegate.swift; sourceTree = "<group>"; };
		E83F9C022AA072CF00231762 /* SceneDelegate.swift */ = {isa = PBXFileReference; lastKnownFileType = sourcecode.swift; path = SceneDelegate.swift; sourceTree = "<group>"; };
		E83F9C042AA072CF00231762 /* HomeViewController.swift */ = {isa = PBXFileReference; lastKnownFileType = sourcecode.swift; path = HomeViewController.swift; sourceTree = "<group>"; };
		E83F9C092AA072CF00231762 /* Assets.xcassets */ = {isa = PBXFileReference; lastKnownFileType = folder.assetcatalog; path = Assets.xcassets; sourceTree = "<group>"; };
		E83F9C0C2AA072CF00231762 /* Base */ = {isa = PBXFileReference; lastKnownFileType = file.storyboard; name = Base; path = Base.lproj/LaunchScreen.storyboard; sourceTree = "<group>"; };
		E83F9C0E2AA072CF00231762 /* Info.plist */ = {isa = PBXFileReference; lastKnownFileType = text.plist.xml; path = Info.plist; sourceTree = "<group>"; };
		E8575B072AA708160063A4D5 /* Authorization.swift */ = {isa = PBXFileReference; lastKnownFileType = sourcecode.swift; path = Authorization.swift; sourceTree = "<group>"; };
		E863946D2AADBB1B00BB4EB0 /* SettingsModels.swift */ = {isa = PBXFileReference; lastKnownFileType = sourcecode.swift; path = SettingsModels.swift; sourceTree = "<group>"; };
		E86394702AADC73900BB4EB0 /* SpotifyViewModel.swift */ = {isa = PBXFileReference; lastKnownFileType = sourcecode.swift; path = SpotifyViewModel.swift; sourceTree = "<group>"; };
		E86D56432AC029FF00BD3E1F /* AlbumViewController.swift */ = {isa = PBXFileReference; lastKnownFileType = sourcecode.swift; path = AlbumViewController.swift; sourceTree = "<group>"; };
		E86D56452AC03A1F00BD3E1F /* Album.swift */ = {isa = PBXFileReference; lastKnownFileType = sourcecode.swift; path = Album.swift; sourceTree = "<group>"; };
		E86D56472AC047C200BD3E1F /* Playlist.swift */ = {isa = PBXFileReference; lastKnownFileType = sourcecode.swift; path = Playlist.swift; sourceTree = "<group>"; };
		E898AC2D2AC43FA8009579F3 /* PlaylistHeaderCollectionReusableView.swift */ = {isa = PBXFileReference; lastKnownFileType = sourcecode.swift; path = PlaylistHeaderCollectionReusableView.swift; sourceTree = "<group>"; };
		E89D049C2AA0B3BA00C4829C /* LibraryViewController.swift */ = {isa = PBXFileReference; fileEncoding = 4; lastKnownFileType = sourcecode.swift; path = LibraryViewController.swift; sourceTree = "<group>"; };
		E89D049D2AA0B3BA00C4829C /* TabBarViewController.swift */ = {isa = PBXFileReference; fileEncoding = 4; lastKnownFileType = sourcecode.swift; path = TabBarViewController.swift; sourceTree = "<group>"; };
		E89D049E2AA0B3BA00C4829C /* SearchViewController.swift */ = {isa = PBXFileReference; fileEncoding = 4; lastKnownFileType = sourcecode.swift; path = SearchViewController.swift; sourceTree = "<group>"; };
		E89D04A52AA0B42700C4829C /* AuthViewController.swift */ = {isa = PBXFileReference; fileEncoding = 4; lastKnownFileType = sourcecode.swift; path = AuthViewController.swift; sourceTree = "<group>"; };
		E89D04A62AA0B42700C4829C /* SearchResultsViewController.swift */ = {isa = PBXFileReference; fileEncoding = 4; lastKnownFileType = sourcecode.swift; path = SearchResultsViewController.swift; sourceTree = "<group>"; };
		E89D04A72AA0B42700C4829C /* PlayerViewController.swift */ = {isa = PBXFileReference; fileEncoding = 4; lastKnownFileType = sourcecode.swift; path = PlayerViewController.swift; sourceTree = "<group>"; };
		E89D04A82AA0B42700C4829C /* WelcomeViewController.swift */ = {isa = PBXFileReference; fileEncoding = 4; lastKnownFileType = sourcecode.swift; path = WelcomeViewController.swift; sourceTree = "<group>"; };
		E89D04A92AA0B42700C4829C /* PlaylistViewController.swift */ = {isa = PBXFileReference; fileEncoding = 4; lastKnownFileType = sourcecode.swift; path = PlaylistViewController.swift; sourceTree = "<group>"; };
		E89D04AA2AA0B42700C4829C /* ProfileViewController.swift */ = {isa = PBXFileReference; fileEncoding = 4; lastKnownFileType = sourcecode.swift; path = ProfileViewController.swift; sourceTree = "<group>"; };
		E89D04AB2AA0B42700C4829C /* SettingsViewController.swift */ = {isa = PBXFileReference; fileEncoding = 4; lastKnownFileType = sourcecode.swift; path = SettingsViewController.swift; sourceTree = "<group>"; };
		E89D04B52AA0B4F600C4829C /* User.swift */ = {isa = PBXFileReference; fileEncoding = 4; lastKnownFileType = sourcecode.swift; path = User.swift; sourceTree = "<group>"; };
		E89D04B62AA0B4F600C4829C /* CommonGround.swift */ = {isa = PBXFileReference; fileEncoding = 4; lastKnownFileType = sourcecode.swift; path = CommonGround.swift; sourceTree = "<group>"; };
		E89D04B82AA0B4F600C4829C /* TrackObject.swift */ = {isa = PBXFileReference; fileEncoding = 4; lastKnownFileType = sourcecode.swift; path = TrackObject.swift; sourceTree = "<group>"; };
		E89D04BE2AA0B55200C4829C /* APICaller.swift */ = {isa = PBXFileReference; fileEncoding = 4; lastKnownFileType = sourcecode.swift; path = APICaller.swift; sourceTree = "<group>"; };
		E89D04BF2AA0B55200C4829C /* HapticsManager.swift */ = {isa = PBXFileReference; fileEncoding = 4; lastKnownFileType = sourcecode.swift; path = HapticsManager.swift; sourceTree = "<group>"; };
		E89D04C02AA0B55200C4829C /* AuthManager.swift */ = {isa = PBXFileReference; fileEncoding = 4; lastKnownFileType = sourcecode.swift; path = AuthManager.swift; sourceTree = "<group>"; };
		E8A1680E2AB594C20096C8E0 /* NewReleasesCollectionViewCell.swift */ = {isa = PBXFileReference; lastKnownFileType = sourcecode.swift; path = NewReleasesCollectionViewCell.swift; sourceTree = "<group>"; };
		E8A168102AB595890096C8E0 /* FeaturedPlaylistCollectionViewCell.swift */ = {isa = PBXFileReference; lastKnownFileType = sourcecode.swift; path = FeaturedPlaylistCollectionViewCell.swift; sourceTree = "<group>"; };
		E8A168122AB596280096C8E0 /* RecommendationCollectionViewCell.swift */ = {isa = PBXFileReference; lastKnownFileType = sourcecode.swift; path = RecommendationCollectionViewCell.swift; sourceTree = "<group>"; };
		E8A168342AB5CD4F0096C8E0 /* UsersViewModel.swift */ = {isa = PBXFileReference; lastKnownFileType = sourcecode.swift; path = UsersViewModel.swift; sourceTree = "<group>"; };
		E8A168362AB5CF050096C8E0 /* NewReleasesViewModel.swift */ = {isa = PBXFileReference; lastKnownFileType = sourcecode.swift; path = NewReleasesViewModel.swift; sourceTree = "<group>"; };
		E8A168382AB5D06D0096C8E0 /* PlaylistsViewModel.swift */ = {isa = PBXFileReference; lastKnownFileType = sourcecode.swift; path = PlaylistsViewModel.swift; sourceTree = "<group>"; };
		E8A1683A2AB5D1460096C8E0 /* TracksViewModel.swift */ = {isa = PBXFileReference; lastKnownFileType = sourcecode.swift; path = TracksViewModel.swift; sourceTree = "<group>"; };
		E8D767632AA32ACC0038AF90 /* AuthConstants.swift */ = {isa = PBXFileReference; lastKnownFileType = sourcecode.swift; path = AuthConstants.swift; sourceTree = "<group>"; };
/* End PBXFileReference section */

/* Begin PBXFrameworksBuildPhase section */
		E83F9BFA2AA072CF00231762 /* Frameworks */ = {
			isa = PBXFrameworksBuildPhase;
			buildActionMask = 2147483647;
			files = (
				767CCB82A24B79E01905ADB7 /* Pods_Spotify.framework in Frameworks */,
			);
			runOnlyForDeploymentPostprocessing = 0;
		};
/* End PBXFrameworksBuildPhase section */

/* Begin PBXGroup section */
		220FD27879BB8809CE0EF4B8 /* Pods */ = {
			isa = PBXGroup;
			children = (
				9912FA87323356BB6701D6B9 /* Pods-Spotify.debug.xcconfig */,
				DA6722484043C53E1E8B4395 /* Pods-Spotify.release.xcconfig */,
			);
			path = Pods;
			sourceTree = "<group>";
		};
		626CE109D9F9395403D8AC58 /* Frameworks */ = {
			isa = PBXGroup;
			children = (
				D5FEA4E0038859C128A25ABE /* Pods_Spotify.framework */,
			);
			name = Frameworks;
			sourceTree = "<group>";
		};
		E8169FC42AC6C8B8009B4AD2 /* Albums */ = {
			isa = PBXGroup;
			children = (
				E8169FC22AC6C8A7009B4AD2 /* AlbumViewModel.swift */,
				E8A168362AB5CF050096C8E0 /* NewReleasesViewModel.swift */,
			);
			path = Albums;
			sourceTree = "<group>";
		};
		E8169FC52AC6C8F5009B4AD2 /* Playlists */ = {
			isa = PBXGroup;
			children = (
				E8A168382AB5D06D0096C8E0 /* PlaylistsViewModel.swift */,
			);
			path = Playlists;
			sourceTree = "<group>";
		};
		E8169FC62AC6C915009B4AD2 /* Tracks */ = {
			isa = PBXGroup;
			children = (
				E8A1683A2AB5D1460096C8E0 /* TracksViewModel.swift */,
			);
			path = Tracks;
			sourceTree = "<group>";
		};
		E8169FC72AC6C923009B4AD2 /* Users */ = {
			isa = PBXGroup;
			children = (
				E8A168342AB5CD4F0096C8E0 /* UsersViewModel.swift */,
			);
			path = Users;
			sourceTree = "<group>";
		};
		E82B11952AA1DB8100FC1C6D /* Resources */ = {
			isa = PBXGroup;
			children = (
				E82B11982AA1DBB100FC1C6D /* Extensions */,
				E83F9C092AA072CF00231762 /* Assets.xcassets */,
			);
			path = Resources;
			sourceTree = "<group>";
		};
		E82B11982AA1DBB100FC1C6D /* Extensions */ = {
			isa = PBXGroup;
			children = (
				E82B11962AA1DBAD00FC1C6D /* UIView+.swift */,
				E81442542ACAA98F00386AE8 /* DateFormatter+.swift */,
				E81442562ACAAA1300386AE8 /* String+.swift */,
			);
			path = Extensions;
			sourceTree = "<group>";
		};
		E83F9BF42AA072CF00231762 = {
			isa = PBXGroup;
			children = (
				E83F9BFF2AA072CF00231762 /* Spotify */,
				E83F9BFE2AA072CF00231762 /* Products */,
				220FD27879BB8809CE0EF4B8 /* Pods */,
				626CE109D9F9395403D8AC58 /* Frameworks */,
			);
			sourceTree = "<group>";
		};
		E83F9BFE2AA072CF00231762 /* Products */ = {
			isa = PBXGroup;
			children = (
				E83F9BFD2AA072CF00231762 /* Spotify.app */,
			);
			name = Products;
			sourceTree = "<group>";
		};
		E83F9BFF2AA072CF00231762 /* Spotify */ = {
			isa = PBXGroup;
			children = (
				E83F9C002AA072CF00231762 /* AppDelegate.swift */,
				E83F9C022AA072CF00231762 /* SceneDelegate.swift */,
				E89D04B42AA0B4F600C4829C /* Models */,
				E89D04B32AA0B4D800C4829C /* Views */,
				E863946F2AADC70E00BB4EB0 /* ViewModel */,
				E89D04A22AA0B3C800C4829C /* Controllers */,
				E89D04BD2AA0B55200C4829C /* Managers */,
				E82B11952AA1DB8100FC1C6D /* Resources */,
				E83F9C0E2AA072CF00231762 /* Info.plist */,
				E82B11942AA1BE9C00FC1C6D /* Secrets.xcconfig */,
			);
			path = Spotify;
			sourceTree = "<group>";
		};
		E863946F2AADC70E00BB4EB0 /* ViewModel */ = {
			isa = PBXGroup;
			children = (
				E86394702AADC73900BB4EB0 /* SpotifyViewModel.swift */,
				E8169FC42AC6C8B8009B4AD2 /* Albums */,
				E8169FC52AC6C8F5009B4AD2 /* Playlists */,
				E8169FC62AC6C915009B4AD2 /* Tracks */,
				E8169FC72AC6C923009B4AD2 /* Users */,
			);
			path = ViewModel;
			sourceTree = "<group>";
		};
		E89D04A22AA0B3C800C4829C /* Controllers */ = {
			isa = PBXGroup;
			children = (
				E89D04A32AA0B3FE00C4829C /* Core */,
				E89D04A42AA0B42700C4829C /* Other */,
			);
			path = Controllers;
			sourceTree = "<group>";
		};
		E89D04A32AA0B3FE00C4829C /* Core */ = {
			isa = PBXGroup;
			children = (
				E89D049D2AA0B3BA00C4829C /* TabBarViewController.swift */,
				E83F9C042AA072CF00231762 /* HomeViewController.swift */,
				E89D049E2AA0B3BA00C4829C /* SearchViewController.swift */,
				E89D049C2AA0B3BA00C4829C /* LibraryViewController.swift */,
			);
			path = Core;
			sourceTree = "<group>";
		};
		E89D04A42AA0B42700C4829C /* Other */ = {
			isa = PBXGroup;
			children = (
				E89D04A82AA0B42700C4829C /* WelcomeViewController.swift */,
				E89D04A52AA0B42700C4829C /* AuthViewController.swift */,
				E89D04AB2AA0B42700C4829C /* SettingsViewController.swift */,
				E89D04AA2AA0B42700C4829C /* ProfileViewController.swift */,
				E86D56432AC029FF00BD3E1F /* AlbumViewController.swift */,
				E89D04A92AA0B42700C4829C /* PlaylistViewController.swift */,
				E89D04A72AA0B42700C4829C /* PlayerViewController.swift */,
				E89D04A62AA0B42700C4829C /* SearchResultsViewController.swift */,
			);
			path = Other;
			sourceTree = "<group>";
		};
		E89D04B32AA0B4D800C4829C /* Views */ = {
			isa = PBXGroup;
			children = (
				E8A1680D2AB594820096C8E0 /* Home */,
				E83F9C0B2AA072CF00231762 /* LaunchScreen.storyboard */,
				E898AC2D2AC43FA8009579F3 /* PlaylistHeaderCollectionReusableView.swift */,
				E8169FBE2AC6AF94009B4AD2 /* TitleHeaderCollectionReusableView.swift */,
				E8169FC02AC6C6F4009B4AD2 /* AlbumTrackCollectionViewCell.swift */,
			);
			path = Views;
			sourceTree = "<group>";
		};
		E89D04B42AA0B4F600C4829C /* Models */ = {
			isa = PBXGroup;
			children = (
				E8CD02AF2AC2C19000B4332E /* Albums */,
				E8CD02B02AC2C1A300B4332E /* Genres */,
				E8CD02B12AC2C1B600B4332E /* Playlists */,
				E8CD02B22AC2C1E400B4332E /* Tracks */,
				E8CD02AE2AC2C15200B4332E /* Users */,
				E89D04B62AA0B4F600C4829C /* CommonGround.swift */,
				E863946D2AADBB1B00BB4EB0 /* SettingsModels.swift */,
			);
			path = Models;
			sourceTree = "<group>";
		};
		E89D04BD2AA0B55200C4829C /* Managers */ = {
			isa = PBXGroup;
			children = (
				E8D767632AA32ACC0038AF90 /* AuthConstants.swift */,
				E89D04C02AA0B55200C4829C /* AuthManager.swift */,
				E89D04BE2AA0B55200C4829C /* APICaller.swift */,
				E89D04BF2AA0B55200C4829C /* HapticsManager.swift */,
			);
			path = Managers;
			sourceTree = "<group>";
		};
		E8A1680D2AB594820096C8E0 /* Home */ = {
			isa = PBXGroup;
			children = (
				E8A1680E2AB594C20096C8E0 /* NewReleasesCollectionViewCell.swift */,
				E8A168102AB595890096C8E0 /* FeaturedPlaylistCollectionViewCell.swift */,
				E8A168122AB596280096C8E0 /* RecommendationCollectionViewCell.swift */,
			);
			path = Home;
			sourceTree = "<group>";
		};
		E8CD02AE2AC2C15200B4332E /* Users */ = {
			isa = PBXGroup;
			children = (
				E8575B072AA708160063A4D5 /* Authorization.swift */,
				E89D04B52AA0B4F600C4829C /* User.swift */,
			);
			path = Users;
			sourceTree = "<group>";
		};
		E8CD02AF2AC2C19000B4332E /* Albums */ = {
			isa = PBXGroup;
			children = (
				E86D56452AC03A1F00BD3E1F /* Album.swift */,
				E81F0B8C2AB30C68008D44F7 /* NewReleases.swift */,
			);
			path = Albums;
			sourceTree = "<group>";
		};
		E8CD02B02AC2C1A300B4332E /* Genres */ = {
			isa = PBXGroup;
			children = (
				E81F0B902AB3205F008D44F7 /* Genre.swift */,
			);
			path = Genres;
			sourceTree = "<group>";
		};
		E8CD02B12AC2C1B600B4332E /* Playlists */ = {
			isa = PBXGroup;
			children = (
				E86D56472AC047C200BD3E1F /* Playlist.swift */,
				E81F0B8E2AB31C00008D44F7 /* FeaturedPlayLists.swift */,
			);
			path = Playlists;
			sourceTree = "<group>";
		};
		E8CD02B22AC2C1E400B4332E /* Tracks */ = {
			isa = PBXGroup;
			children = (
				E89D04B82AA0B4F600C4829C /* TrackObject.swift */,
				E81F0B922AB32074008D44F7 /* Recommendations.swift */,
			);
			path = Tracks;
			sourceTree = "<group>";
		};
/* End PBXGroup section */

/* Begin PBXNativeTarget section */
		E83F9BFC2AA072CF00231762 /* Spotify */ = {
			isa = PBXNativeTarget;
			buildConfigurationList = E83F9C112AA072CF00231762 /* Build configuration list for PBXNativeTarget "Spotify" */;
			buildPhases = (
				F6CDB8A95F943D37F052FFBD /* [CP] Check Pods Manifest.lock */,
				E83F9BF92AA072CF00231762 /* Sources */,
				E83F9BFA2AA072CF00231762 /* Frameworks */,
				E83F9BFB2AA072CF00231762 /* Resources */,
				EBF21F81FAA6C99FB67B6299 /* [CP] Embed Pods Frameworks */,
			);
			buildRules = (
			);
			dependencies = (
			);
			name = Spotify;
			productName = Spotify;
			productReference = E83F9BFD2AA072CF00231762 /* Spotify.app */;
			productType = "com.apple.product-type.application";
		};
/* End PBXNativeTarget section */

/* Begin PBXProject section */
		E83F9BF52AA072CF00231762 /* Project object */ = {
			isa = PBXProject;
			attributes = {
				BuildIndependentTargetsInParallel = 1;
				LastSwiftUpdateCheck = 1430;
				LastUpgradeCheck = 1500;
				TargetAttributes = {
					E83F9BFC2AA072CF00231762 = {
						CreatedOnToolsVersion = 14.3.1;
					};
				};
			};
			buildConfigurationList = E83F9BF82AA072CF00231762 /* Build configuration list for PBXProject "Spotify" */;
			compatibilityVersion = "Xcode 14.0";
			developmentRegion = en;
			hasScannedForEncodings = 0;
			knownRegions = (
				en,
				Base,
			);
			mainGroup = E83F9BF42AA072CF00231762;
			productRefGroup = E83F9BFE2AA072CF00231762 /* Products */;
			projectDirPath = "";
			projectRoot = "";
			targets = (
				E83F9BFC2AA072CF00231762 /* Spotify */,
			);
		};
/* End PBXProject section */

/* Begin PBXResourcesBuildPhase section */
		E83F9BFB2AA072CF00231762 /* Resources */ = {
			isa = PBXResourcesBuildPhase;
			buildActionMask = 2147483647;
			files = (
				E83F9C0D2AA072CF00231762 /* LaunchScreen.storyboard in Resources */,
				E83F9C0A2AA072CF00231762 /* Assets.xcassets in Resources */,
			);
			runOnlyForDeploymentPostprocessing = 0;
		};
/* End PBXResourcesBuildPhase section */

/* Begin PBXShellScriptBuildPhase section */
		EBF21F81FAA6C99FB67B6299 /* [CP] Embed Pods Frameworks */ = {
			isa = PBXShellScriptBuildPhase;
			buildActionMask = 2147483647;
			files = (
			);
			inputFileListPaths = (
				"${PODS_ROOT}/Target Support Files/Pods-Spotify/Pods-Spotify-frameworks-${CONFIGURATION}-input-files.xcfilelist",
			);
			name = "[CP] Embed Pods Frameworks";
			outputFileListPaths = (
				"${PODS_ROOT}/Target Support Files/Pods-Spotify/Pods-Spotify-frameworks-${CONFIGURATION}-output-files.xcfilelist",
			);
			runOnlyForDeploymentPostprocessing = 0;
			shellPath = /bin/sh;
			shellScript = "\"${PODS_ROOT}/Target Support Files/Pods-Spotify/Pods-Spotify-frameworks.sh\"\n";
			showEnvVarsInLog = 0;
		};
		F6CDB8A95F943D37F052FFBD /* [CP] Check Pods Manifest.lock */ = {
			isa = PBXShellScriptBuildPhase;
			buildActionMask = 2147483647;
			files = (
			);
			inputFileListPaths = (
			);
			inputPaths = (
				"${PODS_PODFILE_DIR_PATH}/Podfile.lock",
				"${PODS_ROOT}/Manifest.lock",
			);
			name = "[CP] Check Pods Manifest.lock";
			outputFileListPaths = (
			);
			outputPaths = (
				"$(DERIVED_FILE_DIR)/Pods-Spotify-checkManifestLockResult.txt",
			);
			runOnlyForDeploymentPostprocessing = 0;
			shellPath = /bin/sh;
			shellScript = "diff \"${PODS_PODFILE_DIR_PATH}/Podfile.lock\" \"${PODS_ROOT}/Manifest.lock\" > /dev/null\nif [ $? != 0 ] ; then\n    # print error to STDERR\n    echo \"error: The sandbox is not in sync with the Podfile.lock. Run 'pod install' or update your CocoaPods installation.\" >&2\n    exit 1\nfi\n# This output is used by Xcode 'outputs' to avoid re-running this script phase.\necho \"SUCCESS\" > \"${SCRIPT_OUTPUT_FILE_0}\"\n";
			showEnvVarsInLog = 0;
		};
/* End PBXShellScriptBuildPhase section */

/* Begin PBXSourcesBuildPhase section */
		E83F9BF92AA072CF00231762 /* Sources */ = {
			isa = PBXSourcesBuildPhase;
			buildActionMask = 2147483647;
			files = (
				E8A1683B2AB5D1460096C8E0 /* TracksViewModel.swift in Sources */,
				E89D04A12AA0B3BA00C4829C /* SearchViewController.swift in Sources */,
				E8A1680F2AB594C20096C8E0 /* NewReleasesCollectionViewCell.swift in Sources */,
				E86D56442AC029FF00BD3E1F /* AlbumViewController.swift in Sources */,
				E89D04B02AA0B42700C4829C /* PlaylistViewController.swift in Sources */,
				E8A168392AB5D06D0096C8E0 /* PlaylistsViewModel.swift in Sources */,
				E89D04B92AA0B4F600C4829C /* User.swift in Sources */,
				E8169FBF2AC6AF94009B4AD2 /* TitleHeaderCollectionReusableView.swift in Sources */,
				E89D04BA2AA0B4F600C4829C /* CommonGround.swift in Sources */,
				E863946E2AADBB1B00BB4EB0 /* SettingsModels.swift in Sources */,
				E89D04AF2AA0B42700C4829C /* WelcomeViewController.swift in Sources */,
				E81442552ACAA98F00386AE8 /* DateFormatter+.swift in Sources */,
				E89D04AD2AA0B42700C4829C /* SearchResultsViewController.swift in Sources */,
				E83F9C052AA072CF00231762 /* HomeViewController.swift in Sources */,
				E89D04BC2AA0B4F600C4829C /* TrackObject.swift in Sources */,
				E83F9C012AA072CF00231762 /* AppDelegate.swift in Sources */,
				E82B11972AA1DBAD00FC1C6D /* UIView+.swift in Sources */,
				E89D04C32AA0B55200C4829C /* AuthManager.swift in Sources */,
				E81442572ACAAA1300386AE8 /* String+.swift in Sources */,
				E89D04B12AA0B42700C4829C /* ProfileViewController.swift in Sources */,
				E89D04AC2AA0B42700C4829C /* AuthViewController.swift in Sources */,
				E8169FC12AC6C6F4009B4AD2 /* AlbumTrackCollectionViewCell.swift in Sources */,
				E89D04AE2AA0B42700C4829C /* PlayerViewController.swift in Sources */,
				E89D04C12AA0B55200C4829C /* APICaller.swift in Sources */,
				E89D049F2AA0B3BA00C4829C /* LibraryViewController.swift in Sources */,
				E8D767642AA32ACC0038AF90 /* AuthConstants.swift in Sources */,
				E8169FC32AC6C8A7009B4AD2 /* AlbumViewModel.swift in Sources */,
				E8A168112AB595890096C8E0 /* FeaturedPlaylistCollectionViewCell.swift in Sources */,
				E898AC2E2AC43FA8009579F3 /* PlaylistHeaderCollectionReusableView.swift in Sources */,
				E86D56462AC03A1F00BD3E1F /* Album.swift in Sources */,
				E86394712AADC73900BB4EB0 /* SpotifyViewModel.swift in Sources */,
				E8A168352AB5CD4F0096C8E0 /* UsersViewModel.swift in Sources */,
				E89D04B22AA0B42700C4829C /* SettingsViewController.swift in Sources */,
				E81F0B8D2AB30C68008D44F7 /* NewReleases.swift in Sources */,
				E8A168372AB5CF050096C8E0 /* NewReleasesViewModel.swift in Sources */,
				E81F0B912AB3205F008D44F7 /* Genre.swift in Sources */,
				E89D04A02AA0B3BA00C4829C /* TabBarViewController.swift in Sources */,
				E89D04C22AA0B55200C4829C /* HapticsManager.swift in Sources */,
				E86D56482AC047C200BD3E1F /* Playlist.swift in Sources */,
				E8575B082AA708160063A4D5 /* Authorization.swift in Sources */,
				E83F9C032AA072CF00231762 /* SceneDelegate.swift in Sources */,
				E8A168132AB596280096C8E0 /* RecommendationCollectionViewCell.swift in Sources */,
				E81F0B8F2AB31C00008D44F7 /* FeaturedPlayLists.swift in Sources */,
				E81F0B932AB32074008D44F7 /* Recommendations.swift in Sources */,
			);
			runOnlyForDeploymentPostprocessing = 0;
		};
/* End PBXSourcesBuildPhase section */

/* Begin PBXVariantGroup section */
		E83F9C0B2AA072CF00231762 /* LaunchScreen.storyboard */ = {
			isa = PBXVariantGroup;
			children = (
				E83F9C0C2AA072CF00231762 /* Base */,
			);
			name = LaunchScreen.storyboard;
			sourceTree = "<group>";
		};
/* End PBXVariantGroup section */

/* Begin XCBuildConfiguration section */
		E83F9C0F2AA072CF00231762 /* Debug */ = {
			isa = XCBuildConfiguration;
			buildSettings = {
				ALWAYS_SEARCH_USER_PATHS = NO;
				CLANG_ANALYZER_NONNULL = YES;
				CLANG_ANALYZER_NUMBER_OBJECT_CONVERSION = YES_AGGRESSIVE;
				CLANG_CXX_LANGUAGE_STANDARD = "gnu++20";
				CLANG_ENABLE_MODULES = YES;
				CLANG_ENABLE_OBJC_ARC = YES;
				CLANG_ENABLE_OBJC_WEAK = YES;
				CLANG_WARN_BLOCK_CAPTURE_AUTORELEASING = YES;
				CLANG_WARN_BOOL_CONVERSION = YES;
				CLANG_WARN_COMMA = YES;
				CLANG_WARN_CONSTANT_CONVERSION = YES;
				CLANG_WARN_DEPRECATED_OBJC_IMPLEMENTATIONS = YES;
				CLANG_WARN_DIRECT_OBJC_ISA_USAGE = YES_ERROR;
				CLANG_WARN_DOCUMENTATION_COMMENTS = YES;
				CLANG_WARN_EMPTY_BODY = YES;
				CLANG_WARN_ENUM_CONVERSION = YES;
				CLANG_WARN_INFINITE_RECURSION = YES;
				CLANG_WARN_INT_CONVERSION = YES;
				CLANG_WARN_NON_LITERAL_NULL_CONVERSION = YES;
				CLANG_WARN_OBJC_IMPLICIT_RETAIN_SELF = YES;
				CLANG_WARN_OBJC_LITERAL_CONVERSION = YES;
				CLANG_WARN_OBJC_ROOT_CLASS = YES_ERROR;
				CLANG_WARN_QUOTED_INCLUDE_IN_FRAMEWORK_HEADER = YES;
				CLANG_WARN_RANGE_LOOP_ANALYSIS = YES;
				CLANG_WARN_STRICT_PROTOTYPES = YES;
				CLANG_WARN_SUSPICIOUS_MOVE = YES;
				CLANG_WARN_UNGUARDED_AVAILABILITY = YES_AGGRESSIVE;
				CLANG_WARN_UNREACHABLE_CODE = YES;
				CLANG_WARN__DUPLICATE_METHOD_MATCH = YES;
				COPY_PHASE_STRIP = NO;
				DEBUG_INFORMATION_FORMAT = dwarf;
				ENABLE_STRICT_OBJC_MSGSEND = YES;
				ENABLE_TESTABILITY = YES;
				ENABLE_USER_SCRIPT_SANDBOXING = NO;
				GCC_C_LANGUAGE_STANDARD = gnu11;
				GCC_DYNAMIC_NO_PIC = NO;
				GCC_NO_COMMON_BLOCKS = YES;
				GCC_OPTIMIZATION_LEVEL = 0;
				GCC_PREPROCESSOR_DEFINITIONS = (
					"DEBUG=1",
					"$(inherited)",
				);
				GCC_WARN_64_TO_32_BIT_CONVERSION = YES;
				GCC_WARN_ABOUT_RETURN_TYPE = YES_ERROR;
				GCC_WARN_UNDECLARED_SELECTOR = YES;
				GCC_WARN_UNINITIALIZED_AUTOS = YES_AGGRESSIVE;
				GCC_WARN_UNUSED_FUNCTION = YES;
				GCC_WARN_UNUSED_VARIABLE = YES;
				IPHONEOS_DEPLOYMENT_TARGET = 15.0;
				MTL_ENABLE_DEBUG_INFO = INCLUDE_SOURCE;
				MTL_FAST_MATH = YES;
				ONLY_ACTIVE_ARCH = YES;
				SDKROOT = iphoneos;
				SWIFT_ACTIVE_COMPILATION_CONDITIONS = DEBUG;
				SWIFT_OPTIMIZATION_LEVEL = "-Onone";
			};
			name = Debug;
		};
		E83F9C102AA072CF00231762 /* Release */ = {
			isa = XCBuildConfiguration;
			buildSettings = {
				ALWAYS_SEARCH_USER_PATHS = NO;
				CLANG_ANALYZER_NONNULL = YES;
				CLANG_ANALYZER_NUMBER_OBJECT_CONVERSION = YES_AGGRESSIVE;
				CLANG_CXX_LANGUAGE_STANDARD = "gnu++20";
				CLANG_ENABLE_MODULES = YES;
				CLANG_ENABLE_OBJC_ARC = YES;
				CLANG_ENABLE_OBJC_WEAK = YES;
				CLANG_WARN_BLOCK_CAPTURE_AUTORELEASING = YES;
				CLANG_WARN_BOOL_CONVERSION = YES;
				CLANG_WARN_COMMA = YES;
				CLANG_WARN_CONSTANT_CONVERSION = YES;
				CLANG_WARN_DEPRECATED_OBJC_IMPLEMENTATIONS = YES;
				CLANG_WARN_DIRECT_OBJC_ISA_USAGE = YES_ERROR;
				CLANG_WARN_DOCUMENTATION_COMMENTS = YES;
				CLANG_WARN_EMPTY_BODY = YES;
				CLANG_WARN_ENUM_CONVERSION = YES;
				CLANG_WARN_INFINITE_RECURSION = YES;
				CLANG_WARN_INT_CONVERSION = YES;
				CLANG_WARN_NON_LITERAL_NULL_CONVERSION = YES;
				CLANG_WARN_OBJC_IMPLICIT_RETAIN_SELF = YES;
				CLANG_WARN_OBJC_LITERAL_CONVERSION = YES;
				CLANG_WARN_OBJC_ROOT_CLASS = YES_ERROR;
				CLANG_WARN_QUOTED_INCLUDE_IN_FRAMEWORK_HEADER = YES;
				CLANG_WARN_RANGE_LOOP_ANALYSIS = YES;
				CLANG_WARN_STRICT_PROTOTYPES = YES;
				CLANG_WARN_SUSPICIOUS_MOVE = YES;
				CLANG_WARN_UNGUARDED_AVAILABILITY = YES_AGGRESSIVE;
				CLANG_WARN_UNREACHABLE_CODE = YES;
				CLANG_WARN__DUPLICATE_METHOD_MATCH = YES;
				COPY_PHASE_STRIP = NO;
				DEBUG_INFORMATION_FORMAT = "dwarf-with-dsym";
				ENABLE_NS_ASSERTIONS = NO;
				ENABLE_STRICT_OBJC_MSGSEND = YES;
				ENABLE_USER_SCRIPT_SANDBOXING = NO;
				GCC_C_LANGUAGE_STANDARD = gnu11;
				GCC_NO_COMMON_BLOCKS = YES;
				GCC_WARN_64_TO_32_BIT_CONVERSION = YES;
				GCC_WARN_ABOUT_RETURN_TYPE = YES_ERROR;
				GCC_WARN_UNDECLARED_SELECTOR = YES;
				GCC_WARN_UNINITIALIZED_AUTOS = YES_AGGRESSIVE;
				GCC_WARN_UNUSED_FUNCTION = YES;
				GCC_WARN_UNUSED_VARIABLE = YES;
				IPHONEOS_DEPLOYMENT_TARGET = 15.0;
				MTL_ENABLE_DEBUG_INFO = NO;
				MTL_FAST_MATH = YES;
				SDKROOT = iphoneos;
				SWIFT_COMPILATION_MODE = wholemodule;
				SWIFT_OPTIMIZATION_LEVEL = "-O";
				VALIDATE_PRODUCT = YES;
			};
			name = Release;
		};
		E83F9C122AA072CF00231762 /* Debug */ = {
			isa = XCBuildConfiguration;
			baseConfigurationReference = E82B11942AA1BE9C00FC1C6D /* Secrets.xcconfig */;
			buildSettings = {
				ASSETCATALOG_COMPILER_APPICON_NAME = AppIcon;
				ASSETCATALOG_COMPILER_GLOBAL_ACCENT_COLOR_NAME = AccentColor;
				CODE_SIGN_STYLE = Automatic;
				CURRENT_PROJECT_VERSION = 1;
				DEVELOPMENT_TEAM = L82T6AAQ34;
				GENERATE_INFOPLIST_FILE = YES;
				INFOPLIST_FILE = Spotify/Info.plist;
				INFOPLIST_KEY_UIApplicationSupportsIndirectInputEvents = YES;
				INFOPLIST_KEY_UILaunchStoryboardName = LaunchScreen;
				INFOPLIST_KEY_UISupportedInterfaceOrientations_iPad = "UIInterfaceOrientationPortrait UIInterfaceOrientationPortraitUpsideDown UIInterfaceOrientationLandscapeLeft UIInterfaceOrientationLandscapeRight";
				INFOPLIST_KEY_UISupportedInterfaceOrientations_iPhone = "UIInterfaceOrientationPortrait UIInterfaceOrientationLandscapeLeft UIInterfaceOrientationLandscapeRight";
				IPHONEOS_DEPLOYMENT_TARGET = 15.0;
				LD_RUNPATH_SEARCH_PATHS = (
					"$(inherited)",
					"@executable_path/Frameworks",
				);
				MARKETING_VERSION = 1.0;
				PRODUCT_BUNDLE_IDENTIFIER = com.jp.Spotify;
				PRODUCT_NAME = "$(TARGET_NAME)";
				SWIFT_EMIT_LOC_STRINGS = YES;
				SWIFT_VERSION = 5.0;
				TARGETED_DEVICE_FAMILY = "1,2";
			};
			name = Debug;
		};
		E83F9C132AA072CF00231762 /* Release */ = {
			isa = XCBuildConfiguration;
			baseConfigurationReference = DA6722484043C53E1E8B4395 /* Pods-Spotify.release.xcconfig */;
			buildSettings = {
				ASSETCATALOG_COMPILER_APPICON_NAME = AppIcon;
				ASSETCATALOG_COMPILER_GLOBAL_ACCENT_COLOR_NAME = AccentColor;
				CODE_SIGN_STYLE = Automatic;
				CURRENT_PROJECT_VERSION = 1;
				DEVELOPMENT_TEAM = L82T6AAQ34;
				GENERATE_INFOPLIST_FILE = YES;
				INFOPLIST_FILE = Spotify/Info.plist;
				INFOPLIST_KEY_UIApplicationSupportsIndirectInputEvents = YES;
				INFOPLIST_KEY_UILaunchStoryboardName = LaunchScreen;
				INFOPLIST_KEY_UISupportedInterfaceOrientations_iPad = "UIInterfaceOrientationPortrait UIInterfaceOrientationPortraitUpsideDown UIInterfaceOrientationLandscapeLeft UIInterfaceOrientationLandscapeRight";
				INFOPLIST_KEY_UISupportedInterfaceOrientations_iPhone = "UIInterfaceOrientationPortrait UIInterfaceOrientationLandscapeLeft UIInterfaceOrientationLandscapeRight";
				IPHONEOS_DEPLOYMENT_TARGET = 15.0;
				LD_RUNPATH_SEARCH_PATHS = (
					"$(inherited)",
					"@executable_path/Frameworks",
				);
				MARKETING_VERSION = 1.0;
				PRODUCT_BUNDLE_IDENTIFIER = com.jp.Spotify;
				PRODUCT_NAME = "$(TARGET_NAME)";
				SWIFT_EMIT_LOC_STRINGS = YES;
				SWIFT_VERSION = 5.0;
				TARGETED_DEVICE_FAMILY = "1,2";
			};
			name = Release;
		};
/* End XCBuildConfiguration section */

/* Begin XCConfigurationList section */
		E83F9BF82AA072CF00231762 /* Build configuration list for PBXProject "Spotify" */ = {
			isa = XCConfigurationList;
			buildConfigurations = (
				E83F9C0F2AA072CF00231762 /* Debug */,
				E83F9C102AA072CF00231762 /* Release */,
			);
			defaultConfigurationIsVisible = 0;
			defaultConfigurationName = Release;
		};
		E83F9C112AA072CF00231762 /* Build configuration list for PBXNativeTarget "Spotify" */ = {
			isa = XCConfigurationList;
			buildConfigurations = (
				E83F9C122AA072CF00231762 /* Debug */,
				E83F9C132AA072CF00231762 /* Release */,
			);
			defaultConfigurationIsVisible = 0;
			defaultConfigurationName = Release;
		};
/* End XCConfigurationList section */
	};
	rootObject = E83F9BF52AA072CF00231762 /* Project object */;
}
